
Microsoft Visual Studio Solution File, Format Version 12.00
# Visual Studio Version 17
VisualStudioVersion = 17.13.35825.156
MinimumVisualStudioVersion = 10.0.40219.1
Project("{8BC9CEB8-8B4A-11D0-8D11-00A0C91BC942}") = "ctUserBackup", "ctUserBackup.vcxproj", "{2E4DD7C7-C4A0-4A05-96E2-F00B7E5E8D90}"
	ProjectSection(ProjectDependencies) = postProject
		{633CFC82-E01B-4777-BDE4-DC0739804332} = {633CFC82-E01B-4777-BDE4-DC0739804332}
	EndProjectSection
EndProject
Project("{8BC9CEB8-8B4A-11D0-8D11-00A0C91BC942}") = "wimlib", "wimlib.vcxproj", "{633CFC82-E01B-4777-BDE4-DC0739804332}"
	ProjectSection(ProjectDependencies) = postProject
		{0CEC40A6-A195-4BE5-A88B-0AB00EB142EC} = {0CEC40A6-A195-4BE5-A88B-0AB00EB142EC}
		{D4E80F35-2604-40AC-B436-97B052ECB572} = {D4E80F35-2604-40AC-B436-97B052ECB572}
		{FA1B1093-BA86-410A-B7A0-7A54C605F812} = {FA1B1093-BA86-410A-B7A0-7A54C605F812}
	EndProjectSection
EndProject
Project("{8BC9CEB8-8B4A-11D0-8D11-00A0C91BC942}") = "libcdio-udf", "libcdio-udf.vcxproj", "{0CEC40A6-A195-4BE5-A88B-0AB00EB142EC}"
EndProject
Project("{8BC9CEB8-8B4A-11D0-8D11-00A0C91BC942}") = "libcdio-iso9660", "libcdio-iso9660.vcxproj", "{D4E80F35-2604-40AC-B436-97B052ECB572}"
EndProject
Project("{8BC9CEB8-8B4A-11D0-8D11-00A0C91BC942}") = "libcdio-driver", "libcdio-driver.vcxproj", "{FA1B1093-BA86-410A-B7A0-7A54C605F812}"
EndProject
Global
	GlobalSection(SolutionConfigurationPlatforms) = preSolution
		Debug|x64 = Debug|x64
		Debug|x86 = Debug|x86
		Release|x64 = Release|x64
		Release|x86 = Release|x86
	EndGlobalSection
	GlobalSection(ProjectConfigurationPlatforms) = postSolution
		{2E4DD7C7-C4A0-4A05-96E2-F00B7E5E8D90}.Debug|x64.ActiveCfg = Debug|x64
		{2E4DD7C7-C4A0-4A05-96E2-F00B7E5E8D90}.Debug|x64.Build.0 = Debug|x64
		{2E4DD7C7-C4A0-4A05-96E2-F00B7E5E8D90}.Debug|x86.ActiveCfg = Debug|Win32
		{2E4DD7C7-C4A0-4A05-96E2-F00B7E5E8D90}.Debug|x86.Build.0 = Debug|Win32
		{2E4DD7C7-C4A0-4A05-96E2-F00B7E5E8D90}.Release|x64.ActiveCfg = Release|x64
		{2E4DD7C7-C4A0-4A05-96E2-F00B7E5E8D90}.Release|x64.Build.0 = Release|x64
		{2E4DD7C7-C4A0-4A05-96E2-F00B7E5E8D90}.Release|x86.ActiveCfg = Release|Win32
		{2E4DD7C7-C4A0-4A05-96E2-F00B7E5E8D90}.Release|x86.Build.0 = Release|Win32
		{633CFC82-E01B-4777-BDE4-DC0739804332}.Debug|x64.ActiveCfg = Debug|x64
		{633CFC82-E01B-4777-BDE4-DC0739804332}.Debug|x64.Build.0 = Debug|x64
		{633CFC82-E01B-4777-BDE4-DC0739804332}.Debug|x86.ActiveCfg = Debug|Win32
		{633CFC82-E01B-4777-BDE4-DC0739804332}.Debug|x86.Build.0 = Debug|Win32
		{633CFC82-E01B-4777-BDE4-DC0739804332}.Release|x64.ActiveCfg = Release|x64
		{633CFC82-E01B-4777-BDE4-DC0739804332}.Release|x64.Build.0 = Release|x64
		{633CFC82-E01B-4777-BDE4-DC0739804332}.Release|x86.ActiveCfg = Release|Win32
		{633CFC82-E01B-4777-BDE4-DC0739804332}.Release|x86.Build.0 = Release|Win32
		{0CEC40A6-A195-4BE5-A88B-0AB00EB142EC}.Debug|x64.ActiveCfg = Debug|x64
		{0CEC40A6-A195-4BE5-A88B-0AB00EB142EC}.Debug|x64.Build.0 = Debug|x64
		{0CEC40A6-A195-4BE5-A88B-0AB00EB142EC}.Debug|x86.ActiveCfg = Debug|Win32
		{0CEC40A6-A195-4BE5-A88B-0AB00EB142EC}.Debug|x86.Build.0 = Debug|Win32
		{0CEC40A6-A195-4BE5-A88B-0AB00EB142EC}.Release|x64.ActiveCfg = Release|x64
		{0CEC40A6-A195-4BE5-A88B-0AB00EB142EC}.Release|x64.Build.0 = Release|x64
		{0CEC40A6-A195-4BE5-A88B-0AB00EB142EC}.Release|x86.ActiveCfg = Release|Win32
		{0CEC40A6-A195-4BE5-A88B-0AB00EB142EC}.Release|x86.Build.0 = Release|Win32
		{D4E80F35-2604-40AC-B436-97B052ECB572}.Debug|x64.ActiveCfg = Debug|x64
		{D4E80F35-2604-40AC-B436-97B052ECB572}.Debug|x64.Build.0 = Debug|x64
		{D4E80F35-2604-40AC-B436-97B052ECB572}.Debug|x86.ActiveCfg = Debug|Win32
		{D4E80F35-2604-40AC-B436-97B052ECB572}.Debug|x86.Build.0 = Debug|Win32
		{D4E80F35-2604-40AC-B436-97B052ECB572}.Release|x64.ActiveCfg = Release|x64
		{D4E80F35-2604-40AC-B436-97B052ECB572}.Release|x64.Build.0 = Release|x64
		{D4E80F35-2604-40AC-B436-97B052ECB572}.Release|x86.ActiveCfg = Release|Win32
		{D4E80F35-2604-40AC-B436-97B052ECB572}.Release|x86.Build.0 = Release|Win32
		{FA1B1093-BA86-410A-B7A0-7A54C605F812}.Debug|x64.ActiveCfg = Debug|x64
		{FA1B1093-BA86-410A-B7A0-7A54C605F812}.Debug|x64.Build.0 = Debug|x64
		{FA1B1093-BA86-410A-B7A0-7A54C605F812}.Debug|x86.ActiveCfg = Debug|Win32
		{FA1B1093-BA86-410A-B7A0-7A54C605F812}.Debug|x86.Build.0 = Debug|Win32
		{FA1B1093-BA86-410A-B7A0-7A54C605F812}.Release|x64.ActiveCfg = Release|x64
		{FA1B1093-BA86-410A-B7A0-7A54C605F812}.Release|x64.Build.0 = Release|x64
		{FA1B1093-BA86-410A-B7A0-7A54C605F812}.Release|x86.ActiveCfg = Release|Win32
		{FA1B1093-BA86-410A-B7A0-7A54C605F812}.Release|x86.Build.0 = Release|Win32
	EndGlobalSection
	GlobalSection(SolutionProperties) = preSolution
		HideSolutionNode = FALSE
	EndGlobalSection
	GlobalSection(ExtensibilityGlobals) = postSolution
		SolutionGuid = {2CDFECE6-F24F-4E23-81D0-7A39BF89C5F3}
	EndGlobalSection
EndGlobal
